// !$*UTF8*$!
{
	archiveVersion = 1;
	classes = {
	};
	objectVersion = 46;
	objects = {

/* Begin PBXBuildFile section */
		5A6AA70D1B08A4F80027DE1B /* AppDelegate.swift in Sources */ = {isa = PBXBuildFile; fileRef = 5A6AA70C1B08A4F80027DE1B /* AppDelegate.swift */; };
		5A6AA70F1B08A4F80027DE1B /* ViewController.swift in Sources */ = {isa = PBXBuildFile; fileRef = 5A6AA70E1B08A4F80027DE1B /* ViewController.swift */; };
		5A6AA7121B08A4F80027DE1B /* Main.storyboard in Resources */ = {isa = PBXBuildFile; fileRef = 5A6AA7101B08A4F80027DE1B /* Main.storyboard */; };
		5A6AA7141B08A4F80027DE1B /* Images.xcassets in Resources */ = {isa = PBXBuildFile; fileRef = 5A6AA7131B08A4F80027DE1B /* Images.xcassets */; };
		5A6AA7171B08A4F80027DE1B /* LaunchScreen.xib in Resources */ = {isa = PBXBuildFile; fileRef = 5A6AA7151B08A4F80027DE1B /* LaunchScreen.xib */; };
		5A6AA7231B08A4F80027DE1B /* practice3Tests.swift in Sources */ = {isa = PBXBuildFile; fileRef = 5A6AA7221B08A4F80027DE1B /* practice3Tests.swift */; };
/* End PBXBuildFile section */

/* Begin PBXContainerItemProxy section */
		5A6AA71D1B08A4F80027DE1B /* PBXContainerItemProxy */ = {
			isa = PBXContainerItemProxy;
			containerPortal = 5A6AA6FF1B08A4F70027DE1B /* Project object */;
			proxyType = 1;
			remoteGlobalIDString = 5A6AA7061B08A4F80027DE1B;
			remoteInfo = practice3;
		};
/* End PBXContainerItemProxy section */

/* Begin PBXFileReference section */
		5A6AA7071B08A4F80027DE1B /* practice3.app */ = {isa = PBXFileReference; explicitFileType = wrapper.application; includeInIndex = 0; path = practice3.app; sourceTree = BUILT_PRODUCTS_DIR; };
		5A6AA70B1B08A4F80027DE1B /* Info.plist */ = {isa = PBXFileReference; lastKnownFileType = text.plist.xml; path = Info.plist; sourceTree = "<group>"; };
		5A6AA70C1B08A4F80027DE1B /* AppDelegate.swift */ = {isa = PBXFileReference; lastKnownFileType = sourcecode.swift; path = AppDelegate.swift; sourceTree = "<group>"; };
		5A6AA70E1B08A4F80027DE1B /* ViewController.swift */ = {isa = PBXFileReference; lastKnownFileType = sourcecode.swift; path = ViewController.swift; sourceTree = "<group>"; };
		5A6AA7111B08A4F80027DE1B /* Base */ = {isa = PBXFileReference; lastKnownFileType = file.storyboard; name = Base; path = Base.lproj/Main.storyboard; sourceTree = "<group>"; };
		5A6AA7131B08A4F80027DE1B /* Images.xcassets */ = {isa = PBXFileReference; lastKnownFileType = folder.assetcatalog; path = Images.xcassets; sourceTree = "<group>"; };
		5A6AA7161B08A4F80027DE1B /* Base */ = {isa = PBXFileReference; lastKnownFileType = file.xib; name = Base; path = Base.lproj/LaunchScreen.xib; sourceTree = "<group>"; };
		5A6AA71C1B08A4F80027DE1B /* practice3Tests.xctest */ = {isa = PBXFileReference; explicitFileType = wrapper.cfbundle; includeInIndex = 0; path = practice3Tests.xctest; sourceTree = BUILT_PRODUCTS_DIR; };
		5A6AA7211B08A4F80027DE1B /* Info.plist */ = {isa = PBXFileReference; lastKnownFileType = text.plist.xml; path = Info.plist; sourceTree = "<group>"; };
		5A6AA7221B08A4F80027DE1B /* practice3Tests.swift */ = {isa = PBXFileReference; lastKnownFileType = sourcecode.swift; path = practice3Tests.swift; sourceTree = "<group>"; };
/* End PBXFileReference section */

/* Begin PBXFrameworksBuildPhase section */
		5A6AA7041B08A4F80027DE1B /* Frameworks */ = {
			isa = PBXFrameworksBuildPhase;
			buildActionMask = 2147483647;
			files = (
			);
			runOnlyForDeploymentPostprocessing = 0;
		};
		5A6AA7191B08A4F80027DE1B /* Frameworks */ = {
			isa = PBXFrameworksBuildPhase;
			buildActionMask = 2147483647;
			files = (
			);
			runOnlyForDeploymentPostprocessing = 0;
		};
/* End PBXFrameworksBuildPhase section */

/* Begin PBXGroup section */
		5A6AA6FE1B08A4F70027DE1B = {
			isa = PBXGroup;
			children = (
				5A6AA7091B08A4F80027DE1B /* practice3 */,
				5A6AA71F1B08A4F80027DE1B /* practice3Tests */,
				5A6AA7081B08A4F80027DE1B /* Products */,
			);
			sourceTree = "<group>";
		};
		5A6AA7081B08A4F80027DE1B /* Products */ = {
			isa = PBXGroup;
			children = (
				5A6AA7071B08A4F80027DE1B /* practice3.app */,
				5A6AA71C1B08A4F80027DE1B /* practice3Tests.xctest */,
			);
			name = Products;
			sourceTree = "<group>";
		};
		5A6AA7091B08A4F80027DE1B /* practice3 */ = {
			isa = PBXGroup;
			children = (
				5A6AA70C1B08A4F80027DE1B /* AppDelegate.swift */,
				5A6AA70E1B08A4F80027DE1B /* ViewController.swift */,
				5A6AA7101B08A4F80027DE1B /* Main.storyboard */,
				5A6AA7131B08A4F80027DE1B /* Images.xcassets */,
				5A6AA7151B08A4F80027DE1B /* LaunchScreen.xib */,
				5A6AA70A1B08A4F80027DE1B /* Supporting Files */,
			);
			path = practice3;
			sourceTree = "<group>";
		};
		5A6AA70A1B08A4F80027DE1B /* Supporting Files */ = {
			isa = PBXGroup;
			children = (
				5A6AA70B1B08A4F80027DE1B /* Info.plist */,
			);
			name = "Supporting Files";
			sourceTree = "<group>";
		};
		5A6AA71F1B08A4F80027DE1B /* practice3Tests */ = {
			isa = PBXGroup;
			children = (
				5A6AA7221B08A4F80027DE1B /* practice3Tests.swift */,
				5A6AA7201B08A4F80027DE1B /* Supporting Files */,
			);
			path = practice3Tests;
			sourceTree = "<group>";
		};
		5A6AA7201B08A4F80027DE1B /* Supporting Files */ = {
			isa = PBXGroup;
			children = (
				5A6AA7211B08A4F80027DE1B /* Info.plist */,
			);
			name = "Supporting Files";
			sourceTree = "<group>";
		};
/* End PBXGroup section */

/* Begin PBXNativeTarget section */
		5A6AA7061B08A4F80027DE1B /* practice3 */ = {
			isa = PBXNativeTarget;
			buildConfigurationList = 5A6AA7261B08A4F80027DE1B /* Build configuration list for PBXNativeTarget "practice3" */;
			buildPhases = (
				5A6AA7031B08A4F80027DE1B /* Sources */,
				5A6AA7041B08A4F80027DE1B /* Frameworks */,
				5A6AA7051B08A4F80027DE1B /* Resources */,
			);
			buildRules = (
			);
			dependencies = (
			);
			name = practice3;
			productName = practice3;
			productReference = 5A6AA7071B08A4F80027DE1B /* practice3.app */;
			productType = "com.apple.product-type.application";
		};
		5A6AA71B1B08A4F80027DE1B /* practice3Tests */ = {
			isa = PBXNativeTarget;
			buildConfigurationList = 5A6AA7291B08A4F80027DE1B /* Build configuration list for PBXNativeTarget "practice3Tests" */;
			buildPhases = (
				5A6AA7181B08A4F80027DE1B /* Sources */,
				5A6AA7191B08A4F80027DE1B /* Frameworks */,
				5A6AA71A1B08A4F80027DE1B /* Resources */,
			);
			buildRules = (
			);
			dependencies = (
				5A6AA71E1B08A4F80027DE1B /* PBXTargetDependency */,
			);
			name = practice3Tests;
			productName = practice3Tests;
			productReference = 5A6AA71C1B08A4F80027DE1B /* practice3Tests.xctest */;
			productType = "com.apple.product-type.bundle.unit-test";
		};
/* End PBXNativeTarget section */

/* Begin PBXProject section */
		5A6AA6FF1B08A4F70027DE1B /* Project object */ = {
			isa = PBXProject;
			attributes = {
				LastUpgradeCheck = 0610;
				ORGANIZATIONNAME = wata;
				TargetAttributes = {
					5A6AA7061B08A4F80027DE1B = {
						CreatedOnToolsVersion = 6.1.1;
					};
					5A6AA71B1B08A4F80027DE1B = {
						CreatedOnToolsVersion = 6.1.1;
						TestTargetID = 5A6AA7061B08A4F80027DE1B;
					};
				};
			};
			buildConfigurationList = 5A6AA7021B08A4F70027DE1B /* Build configuration list for PBXProject "practice3" */;
			compatibilityVersion = "Xcode 3.2";
			developmentRegion = English;
			hasScannedForEncodings = 0;
			knownRegions = (
				en,
				Base,
			);
			mainGroup = 5A6AA6FE1B08A4F70027DE1B;
			productRefGroup = 5A6AA7081B08A4F80027DE1B /* Products */;
			projectDirPath = "";
			projectRoot = "";
			targets = (
				5A6AA7061B08A4F80027DE1B /* practice3 */,
				5A6AA71B1B08A4F80027DE1B /* practice3Tests */,
			);
		};
/* End PBXProject section */

/* Begin PBXResourcesBuildPhase section */
		5A6AA7051B08A4F80027DE1B /* Resources */ = {
			isa = PBXResourcesBuildPhase;
			buildActionMask = 2147483647;
			files = (
				5A6AA7121B08A4F80027DE1B /* Main.storyboard in Resources */,
				5A6AA7171B08A4F80027DE1B /* LaunchScreen.xib in Resources */,
				5A6AA7141B08A4F80027DE1B /* Images.xcassets in Resources */,
			);
			runOnlyForDeploymentPostprocessing = 0;
		};
		5A6AA71A1B08A4F80027DE1B /* Resources */ = {
			isa = PBXResourcesBuildPhase;
			buildActionMask = 2147483647;
			files = (
			);
			runOnlyForDeploymentPostprocessing = 0;
		};
/* End PBXResourcesBuildPhase section */

/* Begin PBXSourcesBuildPhase section */
		5A6AA7031B08A4F80027DE1B /* Sources */ = {
			isa = PBXSourcesBuildPhase;
			buildActionMask = 2147483647;
			files = (
				5A6AA70F1B08A4F80027DE1B /* ViewController.swift in Sources */,
				5A6AA70D1B08A4F80027DE1B /* AppDelegate.swift in Sources */,
			);
			runOnlyForDeploymentPostprocessing = 0;
		};
		5A6AA7181B08A4F80027DE1B /* Sources */ = {
			isa = PBXSourcesBuildPhase;
			buildActionMask = 2147483647;
			files = (
				5A6AA7231B08A4F80027DE1B /* practice3Tests.swift in Sources */,
			);
			runOnlyForDeploymentPostprocessing = 0;
		};
/* End PBXSourcesBuildPhase section */

/* Begin PBXTargetDependency section */
		5A6AA71E1B08A4F80027DE1B /* PBXTargetDependency */ = {
			isa = PBXTargetDependency;
			target = 5A6AA7061B08A4F80027DE1B /* practice3 */;
			targetProxy = 5A6AA71D1B08A4F80027DE1B /* PBXContainerItemProxy */;
		};
/* End PBXTargetDependency section */

/* Begin PBXVariantGroup section */
		5A6AA7101B08A4F80027DE1B /* Main.storyboard */ = {
			isa = PBXVariantGroup;
			children = (
				5A6AA7111B08A4F80027DE1B /* Base */,
			);
			name = Main.storyboard;
			sourceTree = "<group>";
		};
		5A6AA7151B08A4F80027DE1B /* LaunchScreen.xib */ = {
			isa = PBXVariantGroup;
			children = (
				5A6AA7161B08A4F80027DE1B /* Base */,
			);
			name = LaunchScreen.xib;
			sourceTree = "<group>";
		};
/* End PBXVariantGroup section */

/* Begin XCBuildConfiguration section */
		5A6AA7241B08A4F80027DE1B /* Debug */ = {
			isa = XCBuildConfiguration;
			buildSettings = {
				ALWAYS_SEARCH_USER_PATHS = NO;
				CLANG_CXX_LANGUAGE_STANDARD = "gnu++0x";
				CLANG_CXX_LIBRARY = "libc++";
				CLANG_ENABLE_MODULES = YES;
				CLANG_ENABLE_OBJC_ARC = YES;
				CLANG_WARN_BOOL_CONVERSION = YES;
				CLANG_WARN_CONSTANT_CONVERSION = YES;
				CLANG_WARN_DIRECT_OBJC_ISA_USAGE = YES_ERROR;
				CLANG_WARN_EMPTY_BODY = YES;
				CLANG_WARN_ENUM_CONVERSION = YES;
				CLANG_WARN_INT_CONVERSION = YES;
				CLANG_WARN_OBJC_ROOT_CLASS = YES_ERROR;
				CLANG_WARN_UNREACHABLE_CODE = YES;
				CLANG_WARN__DUPLICATE_METHOD_MATCH = YES;
				"CODE_SIGN_IDENTITY[sdk=iphoneos*]" = "iPhone Developer";
				COPY_PHASE_STRIP = NO;
				ENABLE_STRICT_OBJC_MSGSEND = YES;
				GCC_C_LANGUAGE_STANDARD = gnu99;
				GCC_DYNAMIC_NO_PIC = NO;
				GCC_OPTIMIZATION_LEVEL = 0;
				GCC_PREPROCESSOR_DEFINITIONS = (
					"DEBUG=1",
					"$(inherited)",
				);
				GCC_SYMBOLS_PRIVATE_EXTERN = NO;
				GCC_WARN_64_TO_32_BIT_CONVERSION = YES;
				GCC_WARN_ABOUT_RETURN_TYPE = YES_ERROR;
				GCC_WARN_UNDECLARED_SELECTOR = YES;
				GCC_WARN_UNINITIALIZED_AUTOS = YES_AGGRESSIVE;
				GCC_WARN_UNUSED_FUNCTION = YES;
				GCC_WARN_UNUSED_VARIABLE = YES;
				IPHONEOS_DEPLOYMENT_TARGET = 8.1;
				MTL_ENABLE_DEBUG_INFO = YES;
				ONLY_ACTIVE_ARCH = YES;
				SDKROOT = iphoneos;
				SWIFT_OPTIMIZATION_LEVEL = "-Onone";
			};
			name = Debug;
		};
		5A6AA7251B08A4F80027DE1B /* Release */ = {
			isa = XCBuildConfiguration;
			buildSettings = {
				ALWAYS_SEARCH_USER_PATHS = NO;
				CLANG_CXX_LANGUAGE_STANDARD = "gnu++0x";
				CLANG_CXX_LIBRARY = "libc++";
				CLANG_ENABLE_MODULES = YES;
				CLANG_ENABLE_OBJC_ARC = YES;
				CLANG_WARN_BOOL_CONVERSION = YES;
				CLANG_WARN_CONSTANT_CONVERSION = YES;
				CLANG_WARN_DIRECT_OBJC_ISA_USAGE = YES_ERROR;
				CLANG_WARN_EMPTY_BODY = YES;
				CLANG_WARN_ENUM_CONVERSION = YES;
				CLANG_WARN_INT_CONVERSION = YES;
				CLANG_WARN_OBJC_ROOT_CLASS = YES_ERROR;
				CLANG_WARN_UNREACHABLE_CODE = YES;
				CLANG_WARN__DUPLICATE_METHOD_MATCH = YES;
				"CODE_SIGN_IDENTITY[sdk=iphoneos*]" = "iPhone Developer";
				COPY_PHASE_STRIP = YES;
				ENABLE_NS_ASSERTIONS = NO;
				ENABLE_STRICT_OBJC_MSGSEND = YES;
				GCC_C_LANGUAGE_STANDARD = gnu99;
				GCC_WARN_64_TO_32_BIT_CONVERSION = YES;
				GCC_WARN_ABOUT_RETURN_TYPE = YES_ERROR;
				GCC_WARN_UNDECLARED_SELECTOR = YES;
				GCC_WARN_UNINITIALIZED_AUTOS = YES_AGGRESSIVE;
				GCC_WARN_UNUSED_FUNCTION = YES;
				GCC_WARN_UNUSED_VARIABLE = YES;
				IPHONEOS_DEPLOYMENT_TARGET = 8.1;
				MTL_ENABLE_DEBUG_INFO = NO;
				SDKROOT = iphoneos;
				VALIDATE_PRODUCT = YES;
			};
			name = Release;
		};
		5A6AA7271B08A4F80027DE1B /* Debug */ = {
			isa = XCBuildConfiguration;
			buildSettings = {
				ASSETCATALOG_COMPILER_APPICON_NAME = AppIcon;
				INFOPLIST_FILE = practice3/Info.plist;
				LD_RUNPATH_SEARCH_PATHS = "$(inherited) @executable_path/Frameworks";
				PRODUCT_NAME = "$(TARGET_NAME)";
			};
			name = Debug;
		};
		5A6AA7281B08A4F80027DE1B /* Release */ = {
			isa = XCBuildConfiguration;
			buildSettings = {
				ASSETCATALOG_COMPILER_APPICON_NAME = AppIcon;
				INFOPLIST_FILE = practice3/Info.plist;
				LD_RUNPATH_SEARCH_PATHS = "$(inherited) @executable_path/Frameworks";
				PRODUCT_NAME = "$(TARGET_NAME)";
			};
			name = Release;
		};
		5A6AA72A1B08A4F80027DE1B /* Debug */ = {
			isa = XCBuildConfiguration;
			buildSettings = {
				BUNDLE_LOADER = "$(TEST_HOST)";
				FRAMEWORK_SEARCH_PATHS = (
					"$(SDKROOT)/Developer/Library/Frameworks",
					"$(inherited)",
				);
				GCC_PREPROCESSOR_DEFINITIONS = (
					"DEBUG=1",
					"$(inherited)",
				);
				INFOPLIST_FILE = practice3Tests/Info.plist;
				LD_RUNPATH_SEARCH_PATHS = "$(inherited) @executable_path/Frameworks @loader_path/Frameworks";
				PRODUCT_NAME = "$(TARGET_NAME)";
				TEST_HOST = "$(BUILT_PRODUCTS_DIR)/practice3.app/practice3";
			};
			name = Debug;
		};
		5A6AA72B1B08A4F80027DE1B /* Release */ = {
			isa = XCBuildConfiguration;
			buildSettings = {
				BUNDLE_LOADER = "$(TEST_HOST)";
				FRAMEWORK_SEARCH_PATHS = (
					"$(SDKROOT)/Developer/Library/Frameworks",
					"$(inherited)",
				);
				INFOPLIST_FILE = practice3Tests/Info.plist;
				LD_RUNPATH_SEARCH_PATHS = "$(inherited) @executable_path/Frameworks @loader_path/Frameworks";
				PRODUCT_NAME = "$(TARGET_NAME)";
				TEST_HOST = "$(BUILT_PRODUCTS_DIR)/practice3.app/practice3";
			};
			name = Release;
		};
/* End XCBuildConfiguration section */

/* Begin XCConfigurationList section */
		5A6AA7021B08A4F70027DE1B /* Build configuration list for PBXProject "practice3" */ = {
			isa = XCConfigurationList;
			buildConfigurations = (
				5A6AA7241B08A4F80027DE1B /* Debug */,
				5A6AA7251B08A4F80027DE1B /* Release */,
			);
			defaultConfigurationIsVisible = 0;
			defaultConfigurationName = Release;
		};
		5A6AA7261B08A4F80027DE1B /* Build configuration list for PBXNativeTarget "practice3" */ = {
			isa = XCConfigurationList;
			buildConfigurations = (
				5A6AA7271B08A4F80027DE1B /* Debug */,
				5A6AA7281B08A4F80027DE1B /* Release */,
			);
			defaultConfigurationIsVisible = 0;
		};
		5A6AA7291B08A4F80027DE1B /* Build configuration list for PBXNativeTarget "practice3Tests" */ = {
			isa = XCConfigurationList;
			buildConfigurations = (
				5A6AA72A1B08A4F80027DE1B /* Debug */,
				5A6AA72B1B08A4F80027DE1B /* Release */,
			);
			defaultConfigurationIsVisible = 0;
		};
/* End XCConfigurationList section */
	};
	rootObject = 5A6AA6FF1B08A4F70027DE1B /* Project object */;
}
